("quicklisp" .
 (:class qlot/source/dist:source-dist
  :initargs (:distribution "https://beta.quicklisp.org/dist/quicklisp.txt" :%version :latest)
  :version "2026-01-01"))
("bordeaux-threads" .
 (:class qlot/source/ql:source-ql
  :initargs (:%version "2026-01-01")
  :version "ql-2024-10-12"))
("cl-base64" .
 (:class qlot/source/ql:source-ql
  :initargs (:%version "2026-01-01")
  :version "ql-2020-10-16"))
("cffi" .
 (:class qlot/source/ql:source-ql
  :initargs (:%version "2026-01-01")
  :version "ql-2026-01-01"))
("closer-mop" .
 (:class qlot/source/ql:source-ql
  :initargs (:%version "2026-01-01")
  :version "ql-2026-01-01"))
("dexador" .
 (:class qlot/source/ql:source-ql
  :initargs (:%version "2026-01-01")
  :version "ql-2026-01-01"))
("ironclad" .
 (:class qlot/source/ql:source-ql
  :initargs (:%version "2026-01-01")
  :version "ql-2024-10-12"))
("opticl" .
 (:class qlot/source/ql:source-ql
  :initargs (:%version "2022-02-20")
  :version "ql-2022-02-20"))
("quri" .
 (:class qlot/source/ql:source-ql
  :initargs (:%version "2026-01-01")
  :version "ql-2026-01-01"))
("serapeum" .
 (:class qlot/source/ql:source-ql
  :initargs (:%version "2026-01-01")
  :version "ql-2026-01-01"))
("yason" .
 (:class qlot/source/ql:source-ql
  :initargs (:%version "2026-01-01")
  :version "ql-2025-06-22"))
("cl-colorist" .
 (:class qlot/source/git:source-git
  :initargs (:remote-url "https://github.com/luciusmagn/cl-colorist.git" :ref "91041f50af55fa82f7f099b7be222055624b20af")
  :version "git-91041f50af55fa82f7f099b7be222055624b20af"))
("clinedi" .
 (:class qlot/source/git:source-git
  :initargs (:remote-url "https://github.com/luciusmagn/clinedi.git" :ref "5c1ccedba423cbe424214593345962b70fc0512c")
  :version "git-5c1ccedba423cbe424214593345962b70fc0512c"))
("cl-exec-sandbox" .
 (:class qlot/source/git:source-git
  :initargs (:remote-url "https://github.com/luciusmagn/cl-exec-sandbox.git" :ref "8c47a1dadb64eba1629742ef6b43789ed7d73b36")
  :version "git-8c47a1dadb64eba1629742ef6b43789ed7d73b36"))
("clifff" .
 (:class qlot/source/git:source-git
  :initargs (:remote-url "https://github.com/luciusmagn/clifff.git" :ref "29c19b6bdb1d19e1ceb3ed5279eed5b81b0872d8")
  :version "git-29c19b6bdb1d19e1ceb3ed5279eed5b81b0872d8"))
("colorlisp" .
 (:class qlot/source/git:source-git
  :initargs (:remote-url "https://github.com/luciusmagn/colorlisp.git" :ref "6e1ee575bf57628fa864acd6f0a61209af9990b1")
  :version "git-6e1ee575bf57628fa864acd6f0a61209af9990b1"))
("mcparen" .
 (:class qlot/source/git:source-git
  :initargs (:remote-url "https://github.com/luciusmagn/mcparen.git" :ref "a0981df8ca0910fc0676e1b34b5507fbd54ac901")
  :version "git-a0981df8ca0910fc0676e1b34b5507fbd54ac901"))
("sexp-store" .
 (:class qlot/source/git:source-git
  :initargs (:remote-url "https://github.com/luciusmagn/sexp-store.git" :ref "a03ddb709eb43efdd2f1a98dd87aa4e7f444940c")
  :version "git-a03ddb709eb43efdd2f1a98dd87aa4e7f444940c"))
("sbcl-workers" .
 (:class qlot/source/git:source-git
  :initargs (:remote-url "https://github.com/luciusmagn/sbcl-workers.git" :ref "fff2bc4bbeb8eec93a963c5ad1f7af85bbf7a6a3")
  :version "git-fff2bc4bbeb8eec93a963c5ad1f7af85bbf7a6a3"))
